
Microsoft Visual Studio Solution File, Format Version 12.00
# Visual Studio Version 16
VisualStudioVersion = 16.0.30711.63
MinimumVisualStudioVersion = 10.0.40219.1
Project("{FAE04EC0-301F-11D3-BF4B-00C04F79EFBC}") = "ConsoleApp1", "ConsoleApp1\ConsoleApp1.csproj", "{8C601E7C-7D3D-4FDD-B6B0-690F2724EC70}"
EndProject
Global
	GlobalSection(SolutionConfigurationPlatforms) = preSolution
		Debug|Any CPU = Debug|Any CPU
		Release|Any CPU = Release|Any CPU
	EndGlobalSection
	GlobalSection(ProjectConfigurationPlatforms) = postSolution
		{8C601E7C-7D3D-4FDD-B6B0-690F2724EC70}.Debug|Any CPU.ActiveCfg = Debug|Any CPU
		{8C601E7C-7D3D-4FDD-B6B0-690F2724EC70}.Debug|Any CPU.Build.0 = Debug|Any CPU
		{8C601E7C-7D3D-4FDD-B6B0-690F2724EC70}.Release|Any CPU.ActiveCfg = Release|Any CPU
		{8C601E7C-7D3D-4FDD-B6B0-690F2724EC70}.Release|Any CPU.Build.0 = Release|Any CPU
	EndGlobalSection
	GlobalSection(SolutionProperties) = preSolution
		HideSolutionNode = FALSE
	EndGlobalSection
	GlobalSection(ExtensibilityGlobals) = postSolution
		SolutionGuid = {56BB3DE9-1104-4E57-894C-5B0B5CAEC9E5}
	EndGlobalSection
EndGlobal
